// !$*UTF8*$!
{
	archiveVersion = 1;
	classes = {
	};
	objectVersion = 46;
	objects = {

/* Begin PBXBuildFile section */
		EE2D55F1169688BF007D5E52 /* UIKit.framework in Frameworks */ = {isa = PBXBuildFile; fileRef = EE2D55F0169688BF007D5E52 /* UIKit.framework */; };
		EE2D55F3169688BF007D5E52 /* Foundation.framework in Frameworks */ = {isa = PBXBuildFile; fileRef = EE2D55F2169688BF007D5E52 /* Foundation.framework */; };
		EE2D55F5169688BF007D5E52 /* CoreGraphics.framework in Frameworks */ = {isa = PBXBuildFile; fileRef = EE2D55F4169688BF007D5E52 /* CoreGraphics.framework */; };
		EE2D55FB169688BF007D5E52 /* InfoPlist.strings in Resources */ = {isa = PBXBuildFile; fileRef = EE2D55F9169688BF007D5E52 /* InfoPlist.strings */; };
		EE2D55FD169688BF007D5E52 /* main.m in Sources */ = {isa = PBXBuildFile; fileRef = EE2D55FC169688BF007D5E52 /* main.m */; };
		EE2D5601169688BF007D5E52 /* AppDelegate.m in Sources */ = {isa = PBXBuildFile; fileRef = EE2D5600169688BF007D5E52 /* AppDelegate.m */; };
		EE2D5603169688C0007D5E52 /* Default.png in Resources */ = {isa = PBXBuildFile; fileRef = EE2D5602169688C0007D5E52 /* Default.png */; };
		EE2D5605169688C0007D5E52 /* Default@2x.png in Resources */ = {isa = PBXBuildFile; fileRef = EE2D5604169688C0007D5E52 /* Default@2x.png */; };
		EE2D5607169688C0007D5E52 /* Default-568h@2x.png in Resources */ = {isa = PBXBuildFile; fileRef = EE2D5606169688C0007D5E52 /* Default-568h@2x.png */; };
		EE2D5611169689A7007D5E52 /* PassengerInfo.m in Sources */ = {isa = PBXBuildFile; fileRef = EE2D5610169689A7007D5E52 /* PassengerInfo.m */; };
		EE2D5614169689C8007D5E52 /* CityInfo.m in Sources */ = {isa = PBXBuildFile; fileRef = EE2D5613169689C8007D5E52 /* CityInfo.m */; };
		EE2D561716968A26007D5E52 /* Transportation.m in Sources */ = {isa = PBXBuildFile; fileRef = EE2D561616968A26007D5E52 /* Transportation.m */; };
		EE2D561A16968A8B007D5E52 /* RouteInfo.m in Sources */ = {isa = PBXBuildFile; fileRef = EE2D561916968A8B007D5E52 /* RouteInfo.m */; };
		EE2D561D1696ADF2007D5E52 /* Login.m in Sources */ = {isa = PBXBuildFile; fileRef = EE2D561C1696ADF2007D5E52 /* Login.m */; };
		EE2D56201696AE1F007D5E52 /* MapViewController.m in Sources */ = {isa = PBXBuildFile; fileRef = EE2D561F1696AE1F007D5E52 /* MapViewController.m */; };
		EE2D56231696AE4B007D5E52 /* SettingViewController.m in Sources */ = {isa = PBXBuildFile; fileRef = EE2D56221696AE4B007D5E52 /* SettingViewController.m */; };
		EE2D56261696B8BC007D5E52 /* appBackGroundImage.jpeg in Resources */ = {isa = PBXBuildFile; fileRef = EE2D56251696B8BC007D5E52 /* appBackGroundImage.jpeg */; };
		EE2D56281696BAF6007D5E52 /* back_image.png in Resources */ = {isa = PBXBuildFile; fileRef = EE2D56271696BAF6007D5E52 /* back_image.png */; };
		EE2D562F1696D783007D5E52 /* login_normal.png in Resources */ = {isa = PBXBuildFile; fileRef = EE2D562D1696D783007D5E52 /* login_normal.png */; };
		EE2D56301696D783007D5E52 /* login_press.png in Resources */ = {isa = PBXBuildFile; fileRef = EE2D562E1696D783007D5E52 /* login_press.png */; };
		EEA61A5A1697BBB900CE1884 /* input_background.png in Resources */ = {isa = PBXBuildFile; fileRef = EEA61A591697BBB900CE1884 /* input_background.png */; };
/* End PBXBuildFile section */

/* Begin PBXFileReference section */
		EE2D55EC169688BF007D5E52 /* TransitSystem.app */ = {isa = PBXFileReference; explicitFileType = wrapper.application; includeInIndex = 0; path = TransitSystem.app; sourceTree = BUILT_PRODUCTS_DIR; };
		EE2D55F0169688BF007D5E52 /* UIKit.framework */ = {isa = PBXFileReference; lastKnownFileType = wrapper.framework; name = UIKit.framework; path = System/Library/Frameworks/UIKit.framework; sourceTree = SDKROOT; };
		EE2D55F2169688BF007D5E52 /* Foundation.framework */ = {isa = PBXFileReference; lastKnownFileType = wrapper.framework; name = Foundation.framework; path = System/Library/Frameworks/Foundation.framework; sourceTree = SDKROOT; };
		EE2D55F4169688BF007D5E52 /* CoreGraphics.framework */ = {isa = PBXFileReference; lastKnownFileType = wrapper.framework; name = CoreGraphics.framework; path = System/Library/Frameworks/CoreGraphics.framework; sourceTree = SDKROOT; };
		EE2D55F8169688BF007D5E52 /* TransitSystem-Info.plist */ = {isa = PBXFileReference; lastKnownFileType = text.plist.xml; path = "TransitSystem-Info.plist"; sourceTree = "<group>"; };
		EE2D55FA169688BF007D5E52 /* en */ = {isa = PBXFileReference; lastKnownFileType = text.plist.strings; name = en; path = en.lproj/InfoPlist.strings; sourceTree = "<group>"; };
		EE2D55FC169688BF007D5E52 /* main.m */ = {isa = PBXFileReference; lastKnownFileType = sourcecode.c.objc; path = main.m; sourceTree = "<group>"; };
		EE2D55FE169688BF007D5E52 /* TransitSystem-Prefix.pch */ = {isa = PBXFileReference; lastKnownFileType = sourcecode.c.h; path = "TransitSystem-Prefix.pch"; sourceTree = "<group>"; };
		EE2D55FF169688BF007D5E52 /* AppDelegate.h */ = {isa = PBXFileReference; lastKnownFileType = sourcecode.c.h; path = AppDelegate.h; sourceTree = "<group>"; };
		EE2D5600169688BF007D5E52 /* AppDelegate.m */ = {isa = PBXFileReference; lastKnownFileType = sourcecode.c.objc; path = AppDelegate.m; sourceTree = "<group>"; };
		EE2D5602169688C0007D5E52 /* Default.png */ = {isa = PBXFileReference; lastKnownFileType = image.png; path = Default.png; sourceTree = "<group>"; };
		EE2D5604169688C0007D5E52 /* Default@2x.png */ = {isa = PBXFileReference; lastKnownFileType = image.png; path = "Default@2x.png"; sourceTree = "<group>"; };
		EE2D5606169688C0007D5E52 /* Default-568h@2x.png */ = {isa = PBXFileReference; lastKnownFileType = image.png; path = "Default-568h@2x.png"; sourceTree = "<group>"; };
		EE2D560F169689A7007D5E52 /* PassengerInfo.h */ = {isa = PBXFileReference; fileEncoding = 4; lastKnownFileType = sourcecode.c.h; path = PassengerInfo.h; sourceTree = "<group>"; };
		EE2D5610169689A7007D5E52 /* PassengerInfo.m */ = {isa = PBXFileReference; fileEncoding = 4; lastKnownFileType = sourcecode.c.objc; path = PassengerInfo.m; sourceTree = "<group>"; };
		EE2D5612169689C8007D5E52 /* CityInfo.h */ = {isa = PBXFileReference; fileEncoding = 4; lastKnownFileType = sourcecode.c.h; path = CityInfo.h; sourceTree = "<group>"; };
		EE2D5613169689C8007D5E52 /* CityInfo.m */ = {isa = PBXFileReference; fileEncoding = 4; lastKnownFileType = sourcecode.c.objc; path = CityInfo.m; sourceTree = "<group>"; };
		EE2D561516968A26007D5E52 /* Transportation.h */ = {isa = PBXFileReference; fileEncoding = 4; lastKnownFileType = sourcecode.c.h; path = Transportation.h; sourceTree = "<group>"; };
		EE2D561616968A26007D5E52 /* Transportation.m */ = {isa = PBXFileReference; fileEncoding = 4; lastKnownFileType = sourcecode.c.objc; path = Transportation.m; sourceTree = "<group>"; };
		EE2D561816968A8B007D5E52 /* RouteInfo.h */ = {isa = PBXFileReference; fileEncoding = 4; lastKnownFileType = sourcecode.c.h; path = RouteInfo.h; sourceTree = "<group>"; };
		EE2D561916968A8B007D5E52 /* RouteInfo.m */ = {isa = PBXFileReference; fileEncoding = 4; lastKnownFileType = sourcecode.c.objc; path = RouteInfo.m; sourceTree = "<group>"; };
		EE2D561B1696ADF2007D5E52 /* Login.h */ = {isa = PBXFileReference; fileEncoding = 4; lastKnownFileType = sourcecode.c.h; path = Login.h; sourceTree = "<group>"; };
		EE2D561C1696ADF2007D5E52 /* Login.m */ = {isa = PBXFileReference; fileEncoding = 4; lastKnownFileType = sourcecode.c.objc; path = Login.m; sourceTree = "<group>"; };
		EE2D561E1696AE1F007D5E52 /* MapViewController.h */ = {isa = PBXFileReference; fileEncoding = 4; lastKnownFileType = sourcecode.c.h; path = MapViewController.h; sourceTree = "<group>"; };
		EE2D561F1696AE1F007D5E52 /* MapViewController.m */ = {isa = PBXFileReference; fileEncoding = 4; lastKnownFileType = sourcecode.c.objc; path = MapViewController.m; sourceTree = "<group>"; };
		EE2D56211696AE4B007D5E52 /* SettingViewController.h */ = {isa = PBXFileReference; fileEncoding = 4; lastKnownFileType = sourcecode.c.h; path = SettingViewController.h; sourceTree = "<group>"; };
		EE2D56221696AE4B007D5E52 /* SettingViewController.m */ = {isa = PBXFileReference; fileEncoding = 4; lastKnownFileType = sourcecode.c.objc; path = SettingViewController.m; sourceTree = "<group>"; };
		EE2D56251696B8BC007D5E52 /* appBackGroundImage.jpeg */ = {isa = PBXFileReference; lastKnownFileType = image.jpeg; path = appBackGroundImage.jpeg; sourceTree = SOURCE_ROOT; };
		EE2D56271696BAF6007D5E52 /* back_image.png */ = {isa = PBXFileReference; lastKnownFileType = image.png; path = back_image.png; sourceTree = SOURCE_ROOT; };
		EE2D562D1696D783007D5E52 /* login_normal.png */ = {isa = PBXFileReference; lastKnownFileType = image.png; path = login_normal.png; sourceTree = SOURCE_ROOT; };
		EE2D562E1696D783007D5E52 /* login_press.png */ = {isa = PBXFileReference; lastKnownFileType = image.png; path = login_press.png; sourceTree = SOURCE_ROOT; };
		EEA61A591697BBB900CE1884 /* input_background.png */ = {isa = PBXFileReference; lastKnownFileType = image.png; path = input_background.png; sourceTree = SOURCE_ROOT; };
/* End PBXFileReference section */

/* Begin PBXFrameworksBuildPhase section */
		EE2D55E9169688BF007D5E52 /* Frameworks */ = {
			isa = PBXFrameworksBuildPhase;
			buildActionMask = 2147483647;
			files = (
				EE2D55F1169688BF007D5E52 /* UIKit.framework in Frameworks */,
				EE2D55F3169688BF007D5E52 /* Foundation.framework in Frameworks */,
				EE2D55F5169688BF007D5E52 /* CoreGraphics.framework in Frameworks */,
			);
			runOnlyForDeploymentPostprocessing = 0;
		};
/* End PBXFrameworksBuildPhase section */

/* Begin PBXGroup section */
		EE2D55E1169688BF007D5E52 = {
			isa = PBXGroup;
			children = (
				EE2D55F6169688BF007D5E52 /* TransitSystem */,
				EE2D55EF169688BF007D5E52 /* Frameworks */,
				EE2D55ED169688BF007D5E52 /* Products */,
			);
			sourceTree = "<group>";
		};
		EE2D55ED169688BF007D5E52 /* Products */ = {
			isa = PBXGroup;
			children = (
				EE2D55EC169688BF007D5E52 /* TransitSystem.app */,
			);
			name = Products;
			sourceTree = "<group>";
		};
		EE2D55EF169688BF007D5E52 /* Frameworks */ = {
			isa = PBXGroup;
			children = (
				EE2D55F0169688BF007D5E52 /* UIKit.framework */,
				EE2D55F2169688BF007D5E52 /* Foundation.framework */,
				EE2D55F4169688BF007D5E52 /* CoreGraphics.framework */,
			);
			name = Frameworks;
			sourceTree = "<group>";
		};
		EE2D55F6169688BF007D5E52 /* TransitSystem */ = {
			isa = PBXGroup;
			children = (
				EE2D56241696B867007D5E52 /* images */,
				EE2D560E16968955007D5E52 /* DataSrc */,
				EE2D560D1696893B007D5E52 /* ViewSrc */,
				EE2D55FF169688BF007D5E52 /* AppDelegate.h */,
				EE2D5600169688BF007D5E52 /* AppDelegate.m */,
				EE2D55F7169688BF007D5E52 /* Supporting Files */,
			);
			path = TransitSystem;
			sourceTree = "<group>";
		};
		EE2D55F7169688BF007D5E52 /* Supporting Files */ = {
			isa = PBXGroup;
			children = (
				EE2D55F8169688BF007D5E52 /* TransitSystem-Info.plist */,
				EE2D55F9169688BF007D5E52 /* InfoPlist.strings */,
				EE2D55FC169688BF007D5E52 /* main.m */,
				EE2D55FE169688BF007D5E52 /* TransitSystem-Prefix.pch */,
				EE2D5602169688C0007D5E52 /* Default.png */,
				EE2D5604169688C0007D5E52 /* Default@2x.png */,
				EE2D5606169688C0007D5E52 /* Default-568h@2x.png */,
			);
			name = "Supporting Files";
			sourceTree = "<group>";
		};
		EE2D560D1696893B007D5E52 /* ViewSrc */ = {
			isa = PBXGroup;
			children = (
				EE2D561B1696ADF2007D5E52 /* Login.h */,
				EE2D561C1696ADF2007D5E52 /* Login.m */,
				EE2D561E1696AE1F007D5E52 /* MapViewController.h */,
				EE2D561F1696AE1F007D5E52 /* MapViewController.m */,
				EE2D56211696AE4B007D5E52 /* SettingViewController.h */,
				EE2D56221696AE4B007D5E52 /* SettingViewController.m */,
			);
			name = ViewSrc;
			sourceTree = "<group>";
		};
		EE2D560E16968955007D5E52 /* DataSrc */ = {
			isa = PBXGroup;
			children = (
				EE2D560F169689A7007D5E52 /* PassengerInfo.h */,
				EE2D5610169689A7007D5E52 /* PassengerInfo.m */,
				EE2D5612169689C8007D5E52 /* CityInfo.h */,
				EE2D5613169689C8007D5E52 /* CityInfo.m */,
				EE2D561516968A26007D5E52 /* Transportation.h */,
				EE2D561616968A26007D5E52 /* Transportation.m */,
				EE2D561816968A8B007D5E52 /* RouteInfo.h */,
				EE2D561916968A8B007D5E52 /* RouteInfo.m */,
			);
			name = DataSrc;
			sourceTree = "<group>";
		};
		EE2D56241696B867007D5E52 /* images */ = {
			isa = PBXGroup;
			children = (
				EEA61A591697BBB900CE1884 /* input_background.png */,
				EE2D562D1696D783007D5E52 /* login_normal.png */,
				EE2D562E1696D783007D5E52 /* login_press.png */,
				EE2D56271696BAF6007D5E52 /* back_image.png */,
				EE2D56251696B8BC007D5E52 /* appBackGroundImage.jpeg */,
			);
			name = images;
			sourceTree = "<group>";
		};
/* End PBXGroup section */

/* Begin PBXNativeTarget section */
		EE2D55EB169688BF007D5E52 /* TransitSystem */ = {
			isa = PBXNativeTarget;
			buildConfigurationList = EE2D560A169688C0007D5E52 /* Build configuration list for PBXNativeTarget "TransitSystem" */;
			buildPhases = (
				EE2D55E8169688BF007D5E52 /* Sources */,
				EE2D55E9169688BF007D5E52 /* Frameworks */,
				EE2D55EA169688BF007D5E52 /* Resources */,
			);
			buildRules = (
			);
			dependencies = (
			);
			name = TransitSystem;
			productName = TransitSystem;
			productReference = EE2D55EC169688BF007D5E52 /* TransitSystem.app */;
			productType = "com.apple.product-type.application";
		};
/* End PBXNativeTarget section */

/* Begin PBXProject section */
		EE2D55E3169688BF007D5E52 /* Project object */ = {
			isa = PBXProject;
			attributes = {
				LastUpgradeCheck = 0450;
				ORGANIZATIONNAME = "li haijin";
			};
			buildConfigurationList = EE2D55E6169688BF007D5E52 /* Build configuration list for PBXProject "TransitSystem" */;
			compatibilityVersion = "Xcode 3.2";
			developmentRegion = English;
			hasScannedForEncodings = 0;
			knownRegions = (
				en,
			);
			mainGroup = EE2D55E1169688BF007D5E52;
			productRefGroup = EE2D55ED169688BF007D5E52 /* Products */;
			projectDirPath = "";
			projectRoot = "";
			targets = (
				EE2D55EB169688BF007D5E52 /* TransitSystem */,
			);
		};
/* End PBXProject section */

/* Begin PBXResourcesBuildPhase section */
		EE2D55EA169688BF007D5E52 /* Resources */ = {
			isa = PBXResourcesBuildPhase;
			buildActionMask = 2147483647;
			files = (
				EE2D55FB169688BF007D5E52 /* InfoPlist.strings in Resources */,
				EE2D5603169688C0007D5E52 /* Default.png in Resources */,
				EE2D5605169688C0007D5E52 /* Default@2x.png in Resources */,
				EE2D5607169688C0007D5E52 /* Default-568h@2x.png in Resources */,
				EE2D56261696B8BC007D5E52 /* appBackGroundImage.jpeg in Resources */,
				EE2D56281696BAF6007D5E52 /* back_image.png in Resources */,
				EE2D562F1696D783007D5E52 /* login_normal.png in Resources */,
				EE2D56301696D783007D5E52 /* login_press.png in Resources */,
				EEA61A5A1697BBB900CE1884 /* input_background.png in Resources */,
			);
			runOnlyForDeploymentPostprocessing = 0;
		};
/* End PBXResourcesBuildPhase section */

/* Begin PBXSourcesBuildPhase section */
		EE2D55E8169688BF007D5E52 /* Sources */ = {
			isa = PBXSourcesBuildPhase;
			buildActionMask = 2147483647;
			files = (
				EE2D55FD169688BF007D5E52 /* main.m in Sources */,
				EE2D5601169688BF007D5E52 /* AppDelegate.m in Sources */,
				EE2D5611169689A7007D5E52 /* PassengerInfo.m in Sources */,
				EE2D5614169689C8007D5E52 /* CityInfo.m in Sources */,
				EE2D561716968A26007D5E52 /* Transportation.m in Sources */,
				EE2D561A16968A8B007D5E52 /* RouteInfo.m in Sources */,
				EE2D561D1696ADF2007D5E52 /* Login.m in Sources */,
				EE2D56201696AE1F007D5E52 /* MapViewController.m in Sources */,
				EE2D56231696AE4B007D5E52 /* SettingViewController.m in Sources */,
			);
			runOnlyForDeploymentPostprocessing = 0;
		};
/* End PBXSourcesBuildPhase section */

/* Begin PBXVariantGroup section */
		EE2D55F9169688BF007D5E52 /* InfoPlist.strings */ = {
			isa = PBXVariantGroup;
			children = (
				EE2D55FA169688BF007D5E52 /* en */,
			);
			name = InfoPlist.strings;
			sourceTree = "<group>";
		};
/* End PBXVariantGroup section */

/* Begin XCBuildConfiguration section */
		EE2D5608169688C0007D5E52 /* Debug */ = {
			isa = XCBuildConfiguration;
			buildSettings = {
				ALWAYS_SEARCH_USER_PATHS = NO;
				CLANG_CXX_LANGUAGE_STANDARD = "gnu++0x";
				CLANG_CXX_LIBRARY = "libc++";
				CLANG_ENABLE_OBJC_ARC = YES;
				CLANG_WARN_EMPTY_BODY = YES;
				CLANG_WARN__DUPLICATE_METHOD_MATCH = YES;
				"CODE_SIGN_IDENTITY[sdk=iphoneos*]" = "iPhone Developer";
				COPY_PHASE_STRIP = NO;
				GCC_C_LANGUAGE_STANDARD = gnu99;
				GCC_DYNAMIC_NO_PIC = NO;
				GCC_OPTIMIZATION_LEVEL = 0;
				GCC_PREPROCESSOR_DEFINITIONS = (
					"DEBUG=1",
					"$(inherited)",
				);
				GCC_SYMBOLS_PRIVATE_EXTERN = NO;
				GCC_WARN_ABOUT_RETURN_TYPE = YES;
				GCC_WARN_UNINITIALIZED_AUTOS = YES;
				GCC_WARN_UNUSED_VARIABLE = YES;
				IPHONEOS_DEPLOYMENT_TARGET = 6.0;
				SDKROOT = iphoneos;
			};
			name = Debug;
		};
		EE2D5609169688C0007D5E52 /* Release */ = {
			isa = XCBuildConfiguration;
			buildSettings = {
				ALWAYS_SEARCH_USER_PATHS = NO;
				CLANG_CXX_LANGUAGE_STANDARD = "gnu++0x";
				CLANG_CXX_LIBRARY = "libc++";
				CLANG_ENABLE_OBJC_ARC = YES;
				CLANG_WARN_EMPTY_BODY = YES;
				CLANG_WARN__DUPLICATE_METHOD_MATCH = YES;
				"CODE_SIGN_IDENTITY[sdk=iphoneos*]" = "iPhone Developer";
				COPY_PHASE_STRIP = YES;
				GCC_C_LANGUAGE_STANDARD = gnu99;
				GCC_WARN_ABOUT_RETURN_TYPE = YES;
				GCC_WARN_UNINITIALIZED_AUTOS = YES;
				GCC_WARN_UNUSED_VARIABLE = YES;
				IPHONEOS_DEPLOYMENT_TARGET = 6.0;
				OTHER_CFLAGS = "-DNS_BLOCK_ASSERTIONS=1";
				SDKROOT = iphoneos;
				VALIDATE_PRODUCT = YES;
			};
			name = Release;
		};
		EE2D560B169688C0007D5E52 /* Debug */ = {
			isa = XCBuildConfiguration;
			buildSettings = {
				GCC_PRECOMPILE_PREFIX_HEADER = YES;
				GCC_PREFIX_HEADER = "TransitSystem/TransitSystem-Prefix.pch";
				INFOPLIST_FILE = "TransitSystem/TransitSystem-Info.plist";
				PRODUCT_NAME = "$(TARGET_NAME)";
				WRAPPER_EXTENSION = app;
			};
			name = Debug;
		};
		EE2D560C169688C0007D5E52 /* Release */ = {
			isa = XCBuildConfiguration;
			buildSettings = {
				GCC_PRECOMPILE_PREFIX_HEADER = YES;
				GCC_PREFIX_HEADER = "TransitSystem/TransitSystem-Prefix.pch";
				INFOPLIST_FILE = "TransitSystem/TransitSystem-Info.plist";
				PRODUCT_NAME = "$(TARGET_NAME)";
				WRAPPER_EXTENSION = app;
			};
			name = Release;
		};
/* End XCBuildConfiguration section */

/* Begin XCConfigurationList section */
		EE2D55E6169688BF007D5E52 /* Build configuration list for PBXProject "TransitSystem" */ = {
			isa = XCConfigurationList;
			buildConfigurations = (
				EE2D5608169688C0007D5E52 /* Debug */,
				EE2D5609169688C0007D5E52 /* Release */,
			);
			defaultConfigurationIsVisible = 0;
			defaultConfigurationName = Release;
		};
		EE2D560A169688C0007D5E52 /* Build configuration list for PBXNativeTarget "TransitSystem" */ = {
			isa = XCConfigurationList;
			buildConfigurations = (
				EE2D560B169688C0007D5E52 /* Debug */,
				EE2D560C169688C0007D5E52 /* Release */,
			);
			defaultConfigurationIsVisible = 0;
			defaultConfigurationName = Release;
		};
/* End XCConfigurationList section */
	};
	rootObject = EE2D55E3169688BF007D5E52 /* Project object */;
}
