// !$*UTF8*$!
{
	archiveVersion = 1;
	classes = {
	};
	objectVersion = 46;
	objects = {

/* Begin PBXBuildFile section */
		EE114313169A6F13002B75AA /* TSCommonAnimations.m in Sources */ = {isa = PBXBuildFile; fileRef = EE114312169A6F13002B75AA /* TSCommonAnimations.m */; };
		EE114318169A7C2F002B75AA /* TSMapViewMenu.m in Sources */ = {isa = PBXBuildFile; fileRef = EE114317169A7C2F002B75AA /* TSMapViewMenu.m */; };
		EE11431A169AA6AE002B75AA /* setting.png in Resources */ = {isa = PBXBuildFile; fileRef = EE114319169AA6AE002B75AA /* setting.png */; };
		EE1AF7521697EC1E0043243D /* appBackGroundImage.jpeg in Resources */ = {isa = PBXBuildFile; fileRef = EE1AF74B1697EC1E0043243D /* appBackGroundImage.jpeg */; };
		EE1AF7531697EC1E0043243D /* back_image.png in Resources */ = {isa = PBXBuildFile; fileRef = EE1AF74C1697EC1E0043243D /* back_image.png */; };
		EE1AF7541697EC1E0043243D /* input_background.png in Resources */ = {isa = PBXBuildFile; fileRef = EE1AF74D1697EC1E0043243D /* input_background.png */; };
		EE1AF7551697EC1E0043243D /* login_normal.png in Resources */ = {isa = PBXBuildFile; fileRef = EE1AF74E1697EC1E0043243D /* login_normal.png */; };
		EE1AF7561697EC1E0043243D /* login_press.png in Resources */ = {isa = PBXBuildFile; fileRef = EE1AF74F1697EC1E0043243D /* login_press.png */; };
		EE1AF7571697EC1E0043243D /* register_background_normal.png in Resources */ = {isa = PBXBuildFile; fileRef = EE1AF7501697EC1E0043243D /* register_background_normal.png */; };
		EE1AF7581697EC1E0043243D /* register_background_press.png in Resources */ = {isa = PBXBuildFile; fileRef = EE1AF7511697EC1E0043243D /* register_background_press.png */; };
		EE1AF75C1697EFAF0043243D /* TSNavigationController.m in Sources */ = {isa = PBXBuildFile; fileRef = EE1AF75B1697EFAF0043243D /* TSNavigationController.m */; };
		EE1AF75E1697FFCF0043243D /* menu_up.png in Resources */ = {isa = PBXBuildFile; fileRef = EE1AF75D1697FFCF0043243D /* menu_up.png */; };
		EE2D55F1169688BF007D5E52 /* UIKit.framework in Frameworks */ = {isa = PBXBuildFile; fileRef = EE2D55F0169688BF007D5E52 /* UIKit.framework */; };
		EE2D55F3169688BF007D5E52 /* Foundation.framework in Frameworks */ = {isa = PBXBuildFile; fileRef = EE2D55F2169688BF007D5E52 /* Foundation.framework */; };
		EE2D55F5169688BF007D5E52 /* CoreGraphics.framework in Frameworks */ = {isa = PBXBuildFile; fileRef = EE2D55F4169688BF007D5E52 /* CoreGraphics.framework */; };
		EE2D55FB169688BF007D5E52 /* InfoPlist.strings in Resources */ = {isa = PBXBuildFile; fileRef = EE2D55F9169688BF007D5E52 /* InfoPlist.strings */; };
		EE2D55FD169688BF007D5E52 /* main.m in Sources */ = {isa = PBXBuildFile; fileRef = EE2D55FC169688BF007D5E52 /* main.m */; };
		EE2D5601169688BF007D5E52 /* AppDelegate.m in Sources */ = {isa = PBXBuildFile; fileRef = EE2D5600169688BF007D5E52 /* AppDelegate.m */; };
		EE2D5603169688C0007D5E52 /* Default.png in Resources */ = {isa = PBXBuildFile; fileRef = EE2D5602169688C0007D5E52 /* Default.png */; };
		EE2D5605169688C0007D5E52 /* Default@2x.png in Resources */ = {isa = PBXBuildFile; fileRef = EE2D5604169688C0007D5E52 /* Default@2x.png */; };
		EE2D5607169688C0007D5E52 /* Default-568h@2x.png in Resources */ = {isa = PBXBuildFile; fileRef = EE2D5606169688C0007D5E52 /* Default-568h@2x.png */; };
		EE2D5611169689A7007D5E52 /* PassengerInfo.m in Sources */ = {isa = PBXBuildFile; fileRef = EE2D5610169689A7007D5E52 /* PassengerInfo.m */; };
		EE2D5614169689C8007D5E52 /* CityInfo.m in Sources */ = {isa = PBXBuildFile; fileRef = EE2D5613169689C8007D5E52 /* CityInfo.m */; };
		EE2D561716968A26007D5E52 /* Transportation.m in Sources */ = {isa = PBXBuildFile; fileRef = EE2D561616968A26007D5E52 /* Transportation.m */; };
		EE2D561A16968A8B007D5E52 /* RouteInfo.m in Sources */ = {isa = PBXBuildFile; fileRef = EE2D561916968A8B007D5E52 /* RouteInfo.m */; };
		EE2D561D1696ADF2007D5E52 /* Login.m in Sources */ = {isa = PBXBuildFile; fileRef = EE2D561C1696ADF2007D5E52 /* Login.m */; };
		EE2D56201696AE1F007D5E52 /* MapViewController.m in Sources */ = {isa = PBXBuildFile; fileRef = EE2D561F1696AE1F007D5E52 /* MapViewController.m */; };
		EE2D56231696AE4B007D5E52 /* SettingViewController.m in Sources */ = {isa = PBXBuildFile; fileRef = EE2D56221696AE4B007D5E52 /* SettingViewController.m */; };
		EE9954691697D5DE0069FA45 /* MapKit.framework in Frameworks */ = {isa = PBXBuildFile; fileRef = EE9954681697D5DE0069FA45 /* MapKit.framework */; };
		EE99546C1697D5E80069FA45 /* CoreLocation.framework in Frameworks */ = {isa = PBXBuildFile; fileRef = EE99546B1697D5E80069FA45 /* CoreLocation.framework */; };
		EEA25FC7169BADA800C3ACF3 /* MapPoint.m in Sources */ = {isa = PBXBuildFile; fileRef = EEA25FC6169BADA800C3ACF3 /* MapPoint.m */; };
		EEA25FCA169BBAC800C3ACF3 /* taxi.png in Resources */ = {isa = PBXBuildFile; fileRef = EEA25FC9169BBAC800C3ACF3 /* taxi.png */; };
		EEA25FCD169BBD8C00C3ACF3 /* TSAnnotationView.m in Sources */ = {isa = PBXBuildFile; fileRef = EEA25FCC169BBD8C00C3ACF3 /* TSAnnotationView.m */; };
		EEA25FD0169BC57500C3ACF3 /* TSTransportationView.m in Sources */ = {isa = PBXBuildFile; fileRef = EEA25FCF169BC57500C3ACF3 /* TSTransportationView.m */; };
		EEA25FD4169BC74B00C3ACF3 /* DriverInfo.m in Sources */ = {isa = PBXBuildFile; fileRef = EEA25FD3169BC74B00C3ACF3 /* DriverInfo.m */; };
		EEA25FD7169BFDB500C3ACF3 /* IntegrityView.m in Sources */ = {isa = PBXBuildFile; fileRef = EEA25FD6169BFDB500C3ACF3 /* IntegrityView.m */; };
		EEA25FDB169C093400C3ACF3 /* AsyncSocket.m in Sources */ = {isa = PBXBuildFile; fileRef = EEA25FDA169C093400C3ACF3 /* AsyncSocket.m */; };
		EEA25FDD169C0E0E00C3ACF3 /* CFNetwork.framework in Frameworks */ = {isa = PBXBuildFile; fileRef = EEA25FDC169C0E0E00C3ACF3 /* CFNetwork.framework */; };
		EEA25FE0169C116D00C3ACF3 /* DataTransmission.m in Sources */ = {isa = PBXBuildFile; fileRef = EEA25FDF169C116D00C3ACF3 /* DataTransmission.m */; };
		EEA25FE3169C1A8400C3ACF3 /* AsyncUdpSocket.m in Sources */ = {isa = PBXBuildFile; fileRef = EEA25FE2169C1A8400C3ACF3 /* AsyncUdpSocket.m */; };
		EEA25FE6169C30A700C3ACF3 /* app_icon.png in Resources */ = {isa = PBXBuildFile; fileRef = EEA25FE4169C26A600C3ACF3 /* app_icon.png */; };
		EEA60617169AC6460016D2E5 /* search.png in Resources */ = {isa = PBXBuildFile; fileRef = EEA60616169AC6460016D2E5 /* search.png */; };
		EEA6061A169AC9480016D2E5 /* menu_down.png in Resources */ = {isa = PBXBuildFile; fileRef = EEA60619169AC9480016D2E5 /* menu_down.png */; };
		EEA8B93016AF74B00036CE63 /* TSCommon.m in Sources */ = {isa = PBXBuildFile; fileRef = EEA8B92F16AF74B00036CE63 /* TSCommon.m */; };
		EEA8B93416AF76280036CE63 /* TSSocketPacket.m in Sources */ = {isa = PBXBuildFile; fileRef = EEA8B93316AF76280036CE63 /* TSSocketPacket.m */; };
		EEB1945816B0DDE100EEC892 /* TSToast.m in Sources */ = {isa = PBXBuildFile; fileRef = EEB1945716B0DDE100EEC892 /* TSToast.m */; };
/* End PBXBuildFile section */

/* Begin PBXFileReference section */
		EE114311169A6F13002B75AA /* TSCommonAnimations.h */ = {isa = PBXFileReference; fileEncoding = 4; lastKnownFileType = sourcecode.c.h; path = TSCommonAnimations.h; sourceTree = "<group>"; };
		EE114312169A6F13002B75AA /* TSCommonAnimations.m */ = {isa = PBXFileReference; fileEncoding = 4; lastKnownFileType = sourcecode.c.objc; path = TSCommonAnimations.m; sourceTree = "<group>"; };
		EE114316169A7C2F002B75AA /* TSMapViewMenu.h */ = {isa = PBXFileReference; fileEncoding = 4; lastKnownFileType = sourcecode.c.h; path = TSMapViewMenu.h; sourceTree = "<group>"; };
		EE114317169A7C2F002B75AA /* TSMapViewMenu.m */ = {isa = PBXFileReference; fileEncoding = 4; lastKnownFileType = sourcecode.c.objc; path = TSMapViewMenu.m; sourceTree = "<group>"; };
		EE114319169AA6AE002B75AA /* setting.png */ = {isa = PBXFileReference; lastKnownFileType = image.png; name = setting.png; path = images/setting_images/setting.png; sourceTree = SOURCE_ROOT; };
		EE1AF74B1697EC1E0043243D /* appBackGroundImage.jpeg */ = {isa = PBXFileReference; lastKnownFileType = image.jpeg; name = appBackGroundImage.jpeg; path = images/login_images/appBackGroundImage.jpeg; sourceTree = SOURCE_ROOT; };
		EE1AF74C1697EC1E0043243D /* back_image.png */ = {isa = PBXFileReference; lastKnownFileType = image.png; name = back_image.png; path = images/login_images/back_image.png; sourceTree = SOURCE_ROOT; };
		EE1AF74D1697EC1E0043243D /* input_background.png */ = {isa = PBXFileReference; lastKnownFileType = image.png; name = input_background.png; path = images/login_images/input_background.png; sourceTree = SOURCE_ROOT; };
		EE1AF74E1697EC1E0043243D /* login_normal.png */ = {isa = PBXFileReference; lastKnownFileType = image.png; name = login_normal.png; path = images/login_images/login_normal.png; sourceTree = SOURCE_ROOT; };
		EE1AF74F1697EC1E0043243D /* login_press.png */ = {isa = PBXFileReference; lastKnownFileType = image.png; name = login_press.png; path = images/login_images/login_press.png; sourceTree = SOURCE_ROOT; };
		EE1AF7501697EC1E0043243D /* register_background_normal.png */ = {isa = PBXFileReference; lastKnownFileType = image.png; name = register_background_normal.png; path = images/login_images/register_background_normal.png; sourceTree = SOURCE_ROOT; };
		EE1AF7511697EC1E0043243D /* register_background_press.png */ = {isa = PBXFileReference; lastKnownFileType = image.png; name = register_background_press.png; path = images/login_images/register_background_press.png; sourceTree = SOURCE_ROOT; };
		EE1AF75A1697EFAF0043243D /* TSNavigationController.h */ = {isa = PBXFileReference; fileEncoding = 4; lastKnownFileType = sourcecode.c.h; name = TSNavigationController.h; path = PublicView/TSNavigationController.h; sourceTree = "<group>"; };
		EE1AF75B1697EFAF0043243D /* TSNavigationController.m */ = {isa = PBXFileReference; fileEncoding = 4; lastKnownFileType = sourcecode.c.objc; name = TSNavigationController.m; path = PublicView/TSNavigationController.m; sourceTree = "<group>"; };
		EE1AF75D1697FFCF0043243D /* menu_up.png */ = {isa = PBXFileReference; lastKnownFileType = image.png; name = menu_up.png; path = images/mapview_images/menu_up.png; sourceTree = SOURCE_ROOT; };
		EE2D55EC169688BF007D5E52 /* TransitSystem.app */ = {isa = PBXFileReference; explicitFileType = wrapper.application; includeInIndex = 0; path = TransitSystem.app; sourceTree = BUILT_PRODUCTS_DIR; };
		EE2D55F0169688BF007D5E52 /* UIKit.framework */ = {isa = PBXFileReference; lastKnownFileType = wrapper.framework; name = UIKit.framework; path = System/Library/Frameworks/UIKit.framework; sourceTree = SDKROOT; };
		EE2D55F2169688BF007D5E52 /* Foundation.framework */ = {isa = PBXFileReference; lastKnownFileType = wrapper.framework; name = Foundation.framework; path = System/Library/Frameworks/Foundation.framework; sourceTree = SDKROOT; };
		EE2D55F4169688BF007D5E52 /* CoreGraphics.framework */ = {isa = PBXFileReference; lastKnownFileType = wrapper.framework; name = CoreGraphics.framework; path = System/Library/Frameworks/CoreGraphics.framework; sourceTree = SDKROOT; };
		EE2D55F8169688BF007D5E52 /* TransitSystem-Info.plist */ = {isa = PBXFileReference; lastKnownFileType = text.plist.xml; path = "TransitSystem-Info.plist"; sourceTree = "<group>"; };
		EE2D55FA169688BF007D5E52 /* en */ = {isa = PBXFileReference; lastKnownFileType = text.plist.strings; name = en; path = en.lproj/InfoPlist.strings; sourceTree = "<group>"; };
		EE2D55FC169688BF007D5E52 /* main.m */ = {isa = PBXFileReference; lastKnownFileType = sourcecode.c.objc; path = main.m; sourceTree = "<group>"; };
		EE2D55FE169688BF007D5E52 /* TransitSystem-Prefix.pch */ = {isa = PBXFileReference; lastKnownFileType = sourcecode.c.h; path = "TransitSystem-Prefix.pch"; sourceTree = "<group>"; };
		EE2D55FF169688BF007D5E52 /* AppDelegate.h */ = {isa = PBXFileReference; lastKnownFileType = sourcecode.c.h; path = AppDelegate.h; sourceTree = "<group>"; };
		EE2D5600169688BF007D5E52 /* AppDelegate.m */ = {isa = PBXFileReference; lastKnownFileType = sourcecode.c.objc; path = AppDelegate.m; sourceTree = "<group>"; };
		EE2D5602169688C0007D5E52 /* Default.png */ = {isa = PBXFileReference; lastKnownFileType = image.png; path = Default.png; sourceTree = "<group>"; };
		EE2D5604169688C0007D5E52 /* Default@2x.png */ = {isa = PBXFileReference; lastKnownFileType = image.png; path = "Default@2x.png"; sourceTree = "<group>"; };
		EE2D5606169688C0007D5E52 /* Default-568h@2x.png */ = {isa = PBXFileReference; lastKnownFileType = image.png; path = "Default-568h@2x.png"; sourceTree = "<group>"; };
		EE2D560F169689A7007D5E52 /* PassengerInfo.h */ = {isa = PBXFileReference; fileEncoding = 4; lastKnownFileType = sourcecode.c.h; path = PassengerInfo.h; sourceTree = "<group>"; };
		EE2D5610169689A7007D5E52 /* PassengerInfo.m */ = {isa = PBXFileReference; fileEncoding = 4; lastKnownFileType = sourcecode.c.objc; path = PassengerInfo.m; sourceTree = "<group>"; };
		EE2D5612169689C8007D5E52 /* CityInfo.h */ = {isa = PBXFileReference; fileEncoding = 4; lastKnownFileType = sourcecode.c.h; path = CityInfo.h; sourceTree = "<group>"; };
		EE2D5613169689C8007D5E52 /* CityInfo.m */ = {isa = PBXFileReference; fileEncoding = 4; lastKnownFileType = sourcecode.c.objc; path = CityInfo.m; sourceTree = "<group>"; };
		EE2D561516968A26007D5E52 /* Transportation.h */ = {isa = PBXFileReference; fileEncoding = 4; lastKnownFileType = sourcecode.c.h; path = Transportation.h; sourceTree = "<group>"; };
		EE2D561616968A26007D5E52 /* Transportation.m */ = {isa = PBXFileReference; fileEncoding = 4; lastKnownFileType = sourcecode.c.objc; path = Transportation.m; sourceTree = "<group>"; };
		EE2D561816968A8B007D5E52 /* RouteInfo.h */ = {isa = PBXFileReference; fileEncoding = 4; lastKnownFileType = sourcecode.c.h; path = RouteInfo.h; sourceTree = "<group>"; };
		EE2D561916968A8B007D5E52 /* RouteInfo.m */ = {isa = PBXFileReference; fileEncoding = 4; lastKnownFileType = sourcecode.c.objc; path = RouteInfo.m; sourceTree = "<group>"; };
		EE2D561B1696ADF2007D5E52 /* Login.h */ = {isa = PBXFileReference; fileEncoding = 4; lastKnownFileType = sourcecode.c.h; path = Login.h; sourceTree = "<group>"; };
		EE2D561C1696ADF2007D5E52 /* Login.m */ = {isa = PBXFileReference; fileEncoding = 4; lastKnownFileType = sourcecode.c.objc; path = Login.m; sourceTree = "<group>"; };
		EE2D561E1696AE1F007D5E52 /* MapViewController.h */ = {isa = PBXFileReference; fileEncoding = 4; lastKnownFileType = sourcecode.c.h; path = MapViewController.h; sourceTree = "<group>"; };
		EE2D561F1696AE1F007D5E52 /* MapViewController.m */ = {isa = PBXFileReference; fileEncoding = 4; lastKnownFileType = sourcecode.c.objc; path = MapViewController.m; sourceTree = "<group>"; };
		EE2D56211696AE4B007D5E52 /* SettingViewController.h */ = {isa = PBXFileReference; fileEncoding = 4; lastKnownFileType = sourcecode.c.h; path = SettingViewController.h; sourceTree = "<group>"; };
		EE2D56221696AE4B007D5E52 /* SettingViewController.m */ = {isa = PBXFileReference; fileEncoding = 4; lastKnownFileType = sourcecode.c.objc; path = SettingViewController.m; sourceTree = "<group>"; };
		EE9954681697D5DE0069FA45 /* MapKit.framework */ = {isa = PBXFileReference; lastKnownFileType = wrapper.framework; name = MapKit.framework; path = System/Library/Frameworks/MapKit.framework; sourceTree = SDKROOT; };
		EE99546B1697D5E80069FA45 /* CoreLocation.framework */ = {isa = PBXFileReference; lastKnownFileType = wrapper.framework; name = CoreLocation.framework; path = System/Library/Frameworks/CoreLocation.framework; sourceTree = SDKROOT; };
		EEA25FC5169BADA800C3ACF3 /* MapPoint.h */ = {isa = PBXFileReference; fileEncoding = 4; lastKnownFileType = sourcecode.c.h; path = MapPoint.h; sourceTree = "<group>"; };
		EEA25FC6169BADA800C3ACF3 /* MapPoint.m */ = {isa = PBXFileReference; fileEncoding = 4; lastKnownFileType = sourcecode.c.objc; path = MapPoint.m; sourceTree = "<group>"; };
		EEA25FC9169BBAC800C3ACF3 /* taxi.png */ = {isa = PBXFileReference; lastKnownFileType = image.png; name = taxi.png; path = images/mapview_images/taxi.png; sourceTree = SOURCE_ROOT; };
		EEA25FCB169BBD8C00C3ACF3 /* TSAnnotationView.h */ = {isa = PBXFileReference; fileEncoding = 4; lastKnownFileType = sourcecode.c.h; path = TSAnnotationView.h; sourceTree = "<group>"; };
		EEA25FCC169BBD8C00C3ACF3 /* TSAnnotationView.m */ = {isa = PBXFileReference; fileEncoding = 4; lastKnownFileType = sourcecode.c.objc; path = TSAnnotationView.m; sourceTree = "<group>"; };
		EEA25FCF169BC57500C3ACF3 /* TSTransportationView.m */ = {isa = PBXFileReference; fileEncoding = 4; lastKnownFileType = sourcecode.c.objc; path = TSTransportationView.m; sourceTree = "<group>"; };
		EEA25FD1169BC6FD00C3ACF3 /* TSTransportationView.h */ = {isa = PBXFileReference; fileEncoding = 4; lastKnownFileType = sourcecode.c.h; path = TSTransportationView.h; sourceTree = "<group>"; };
		EEA25FD2169BC74B00C3ACF3 /* DriverInfo.h */ = {isa = PBXFileReference; fileEncoding = 4; lastKnownFileType = sourcecode.c.h; path = DriverInfo.h; sourceTree = "<group>"; };
		EEA25FD3169BC74B00C3ACF3 /* DriverInfo.m */ = {isa = PBXFileReference; fileEncoding = 4; lastKnownFileType = sourcecode.c.objc; path = DriverInfo.m; sourceTree = "<group>"; };
		EEA25FD5169BFDB500C3ACF3 /* IntegrityView.h */ = {isa = PBXFileReference; fileEncoding = 4; lastKnownFileType = sourcecode.c.h; path = IntegrityView.h; sourceTree = "<group>"; };
		EEA25FD6169BFDB500C3ACF3 /* IntegrityView.m */ = {isa = PBXFileReference; fileEncoding = 4; lastKnownFileType = sourcecode.c.objc; path = IntegrityView.m; sourceTree = "<group>"; };
		EEA25FD9169C093400C3ACF3 /* AsyncSocket.h */ = {isa = PBXFileReference; fileEncoding = 4; lastKnownFileType = sourcecode.c.h; name = AsyncSocket.h; path = opensource/AsyncSocket.h; sourceTree = "<group>"; };
		EEA25FDA169C093400C3ACF3 /* AsyncSocket.m */ = {isa = PBXFileReference; fileEncoding = 4; lastKnownFileType = sourcecode.c.objc; name = AsyncSocket.m; path = opensource/AsyncSocket.m; sourceTree = "<group>"; };
		EEA25FDC169C0E0E00C3ACF3 /* CFNetwork.framework */ = {isa = PBXFileReference; lastKnownFileType = wrapper.framework; name = CFNetwork.framework; path = System/Library/Frameworks/CFNetwork.framework; sourceTree = SDKROOT; };
		EEA25FDE169C116D00C3ACF3 /* DataTransmission.h */ = {isa = PBXFileReference; fileEncoding = 4; lastKnownFileType = sourcecode.c.h; path = DataTransmission.h; sourceTree = "<group>"; };
		EEA25FDF169C116D00C3ACF3 /* DataTransmission.m */ = {isa = PBXFileReference; fileEncoding = 4; lastKnownFileType = sourcecode.c.objc; path = DataTransmission.m; sourceTree = "<group>"; };
		EEA25FE1169C1A8400C3ACF3 /* AsyncUdpSocket.h */ = {isa = PBXFileReference; fileEncoding = 4; lastKnownFileType = sourcecode.c.h; path = AsyncUdpSocket.h; sourceTree = "<group>"; };
		EEA25FE2169C1A8400C3ACF3 /* AsyncUdpSocket.m */ = {isa = PBXFileReference; fileEncoding = 4; lastKnownFileType = sourcecode.c.objc; path = AsyncUdpSocket.m; sourceTree = "<group>"; };
		EEA25FE4169C26A600C3ACF3 /* app_icon.png */ = {isa = PBXFileReference; lastKnownFileType = image.png; path = app_icon.png; sourceTree = "<group>"; };
		EEA60616169AC6460016D2E5 /* search.png */ = {isa = PBXFileReference; lastKnownFileType = image.png; name = search.png; path = images/search.png; sourceTree = SOURCE_ROOT; };
		EEA60619169AC9480016D2E5 /* menu_down.png */ = {isa = PBXFileReference; lastKnownFileType = image.png; name = menu_down.png; path = images/mapview_images/menu_down.png; sourceTree = SOURCE_ROOT; };
		EEA8B92E16AF74B00036CE63 /* TSCommon.h */ = {isa = PBXFileReference; fileEncoding = 4; lastKnownFileType = sourcecode.c.h; path = TSCommon.h; sourceTree = "<group>"; };
		EEA8B92F16AF74B00036CE63 /* TSCommon.m */ = {isa = PBXFileReference; fileEncoding = 4; lastKnownFileType = sourcecode.c.objc; path = TSCommon.m; sourceTree = "<group>"; };
		EEA8B93216AF76280036CE63 /* TSSocketPacket.h */ = {isa = PBXFileReference; fileEncoding = 4; lastKnownFileType = sourcecode.c.h; path = TSSocketPacket.h; sourceTree = "<group>"; };
		EEA8B93316AF76280036CE63 /* TSSocketPacket.m */ = {isa = PBXFileReference; fileEncoding = 4; lastKnownFileType = sourcecode.c.objc; path = TSSocketPacket.m; sourceTree = "<group>"; };
		EEA8B94916AFEA540036CE63 /* DefineContent.h */ = {isa = PBXFileReference; lastKnownFileType = sourcecode.c.h; path = DefineContent.h; sourceTree = "<group>"; };
		EEB1945616B0DDE100EEC892 /* TSToast.h */ = {isa = PBXFileReference; fileEncoding = 4; lastKnownFileType = sourcecode.c.h; path = TSToast.h; sourceTree = "<group>"; };
		EEB1945716B0DDE100EEC892 /* TSToast.m */ = {isa = PBXFileReference; fileEncoding = 4; lastKnownFileType = sourcecode.c.objc; path = TSToast.m; sourceTree = "<group>"; };
/* End PBXFileReference section */

/* Begin PBXFrameworksBuildPhase section */
		EE2D55E9169688BF007D5E52 /* Frameworks */ = {
			isa = PBXFrameworksBuildPhase;
			buildActionMask = 2147483647;
			files = (
				EEA25FDD169C0E0E00C3ACF3 /* CFNetwork.framework in Frameworks */,
				EE99546C1697D5E80069FA45 /* CoreLocation.framework in Frameworks */,
				EE9954691697D5DE0069FA45 /* MapKit.framework in Frameworks */,
				EE2D55F1169688BF007D5E52 /* UIKit.framework in Frameworks */,
				EE2D55F3169688BF007D5E52 /* Foundation.framework in Frameworks */,
				EE2D55F5169688BF007D5E52 /* CoreGraphics.framework in Frameworks */,
			);
			runOnlyForDeploymentPostprocessing = 0;
		};
/* End PBXFrameworksBuildPhase section */

/* Begin PBXGroup section */
		EE114315169A7BFD002B75AA /* subView */ = {
			isa = PBXGroup;
			children = (
				EE114316169A7C2F002B75AA /* TSMapViewMenu.h */,
				EE114317169A7C2F002B75AA /* TSMapViewMenu.m */,
				EEA25FC5169BADA800C3ACF3 /* MapPoint.h */,
				EEA25FC6169BADA800C3ACF3 /* MapPoint.m */,
				EEA25FCB169BBD8C00C3ACF3 /* TSAnnotationView.h */,
				EEA25FCC169BBD8C00C3ACF3 /* TSAnnotationView.m */,
				EEA25FD1169BC6FD00C3ACF3 /* TSTransportationView.h */,
				EEA25FCF169BC57500C3ACF3 /* TSTransportationView.m */,
				EEA25FD5169BFDB500C3ACF3 /* IntegrityView.h */,
				EEA25FD6169BFDB500C3ACF3 /* IntegrityView.m */,
			);
			name = subView;
			sourceTree = "<group>";
		};
		EE1AF7481697EB880043243D /* login_images */ = {
			isa = PBXGroup;
			children = (
				EE1AF74B1697EC1E0043243D /* appBackGroundImage.jpeg */,
				EE1AF74C1697EC1E0043243D /* back_image.png */,
				EE1AF74D1697EC1E0043243D /* input_background.png */,
				EE1AF74E1697EC1E0043243D /* login_normal.png */,
				EE1AF74F1697EC1E0043243D /* login_press.png */,
				EE1AF7501697EC1E0043243D /* register_background_normal.png */,
				EE1AF7511697EC1E0043243D /* register_background_press.png */,
			);
			name = login_images;
			sourceTree = "<group>";
		};
		EE1AF7491697EBB20043243D /* mapview_images */ = {
			isa = PBXGroup;
			children = (
				EEA25FC9169BBAC800C3ACF3 /* taxi.png */,
				EEA60619169AC9480016D2E5 /* menu_down.png */,
				EE1AF75D1697FFCF0043243D /* menu_up.png */,
			);
			name = mapview_images;
			sourceTree = "<group>";
		};
		EE1AF74A1697EBC80043243D /* setting_images */ = {
			isa = PBXGroup;
			children = (
				EE114319169AA6AE002B75AA /* setting.png */,
			);
			name = setting_images;
			sourceTree = "<group>";
		};
		EE1AF7591697EF150043243D /* PublicView */ = {
			isa = PBXGroup;
			children = (
				EE1AF75A1697EFAF0043243D /* TSNavigationController.h */,
				EE1AF75B1697EFAF0043243D /* TSNavigationController.m */,
				EEB1945616B0DDE100EEC892 /* TSToast.h */,
				EEB1945716B0DDE100EEC892 /* TSToast.m */,
			);
			name = PublicView;
			sourceTree = "<group>";
		};
		EE2D55E1169688BF007D5E52 = {
			isa = PBXGroup;
			children = (
				EEA25FE4169C26A600C3ACF3 /* app_icon.png */,
				EEA25FDC169C0E0E00C3ACF3 /* CFNetwork.framework */,
				EE99546B1697D5E80069FA45 /* CoreLocation.framework */,
				EE9954681697D5DE0069FA45 /* MapKit.framework */,
				EE2D55F6169688BF007D5E52 /* TransitSystem */,
				EE2D55EF169688BF007D5E52 /* Frameworks */,
				EE2D55ED169688BF007D5E52 /* Products */,
			);
			sourceTree = "<group>";
		};
		EE2D55ED169688BF007D5E52 /* Products */ = {
			isa = PBXGroup;
			children = (
				EE2D55EC169688BF007D5E52 /* TransitSystem.app */,
			);
			name = Products;
			sourceTree = "<group>";
		};
		EE2D55EF169688BF007D5E52 /* Frameworks */ = {
			isa = PBXGroup;
			children = (
				EE2D55F0169688BF007D5E52 /* UIKit.framework */,
				EE2D55F2169688BF007D5E52 /* Foundation.framework */,
				EE2D55F4169688BF007D5E52 /* CoreGraphics.framework */,
			);
			name = Frameworks;
			sourceTree = "<group>";
		};
		EE2D55F6169688BF007D5E52 /* TransitSystem */ = {
			isa = PBXGroup;
			children = (
				EEA25FD8169C091900C3ACF3 /* OpenSource */,
				EE1AF7591697EF150043243D /* PublicView */,
				EE2D56241696B867007D5E52 /* images */,
				EE2D560E16968955007D5E52 /* DataSrc */,
				EE2D560D1696893B007D5E52 /* ViewSrc */,
				EE2D55FF169688BF007D5E52 /* AppDelegate.h */,
				EE2D5600169688BF007D5E52 /* AppDelegate.m */,
				EE2D55F7169688BF007D5E52 /* Supporting Files */,
			);
			path = TransitSystem;
			sourceTree = "<group>";
		};
		EE2D55F7169688BF007D5E52 /* Supporting Files */ = {
			isa = PBXGroup;
			children = (
				EE2D55F8169688BF007D5E52 /* TransitSystem-Info.plist */,
				EE2D55F9169688BF007D5E52 /* InfoPlist.strings */,
				EE2D55FC169688BF007D5E52 /* main.m */,
				EE2D55FE169688BF007D5E52 /* TransitSystem-Prefix.pch */,
				EE2D5602169688C0007D5E52 /* Default.png */,
				EE2D5604169688C0007D5E52 /* Default@2x.png */,
				EE2D5606169688C0007D5E52 /* Default-568h@2x.png */,
			);
			name = "Supporting Files";
			sourceTree = "<group>";
		};
		EE2D560D1696893B007D5E52 /* ViewSrc */ = {
			isa = PBXGroup;
			children = (
				EE114315169A7BFD002B75AA /* subView */,
				EE2D561B1696ADF2007D5E52 /* Login.h */,
				EE2D561C1696ADF2007D5E52 /* Login.m */,
				EE2D561E1696AE1F007D5E52 /* MapViewController.h */,
				EE2D561F1696AE1F007D5E52 /* MapViewController.m */,
				EE2D56211696AE4B007D5E52 /* SettingViewController.h */,
				EE2D56221696AE4B007D5E52 /* SettingViewController.m */,
				EE114311169A6F13002B75AA /* TSCommonAnimations.h */,
				EE114312169A6F13002B75AA /* TSCommonAnimations.m */,
			);
			name = ViewSrc;
			sourceTree = "<group>";
		};
		EE2D560E16968955007D5E52 /* DataSrc */ = {
			isa = PBXGroup;
			children = (
				EEA8B93116AF75CE0036CE63 /* socketPaket */,
				EEA8B92C16AF747B0036CE63 /* publicMethods */,
				EE2D560F169689A7007D5E52 /* PassengerInfo.h */,
				EE2D5610169689A7007D5E52 /* PassengerInfo.m */,
				EE2D5612169689C8007D5E52 /* CityInfo.h */,
				EE2D5613169689C8007D5E52 /* CityInfo.m */,
				EE2D561516968A26007D5E52 /* Transportation.h */,
				EE2D561616968A26007D5E52 /* Transportation.m */,
				EE2D561816968A8B007D5E52 /* RouteInfo.h */,
				EE2D561916968A8B007D5E52 /* RouteInfo.m */,
				EEA25FD2169BC74B00C3ACF3 /* DriverInfo.h */,
				EEA25FD3169BC74B00C3ACF3 /* DriverInfo.m */,
				EEA25FDE169C116D00C3ACF3 /* DataTransmission.h */,
				EEA25FDF169C116D00C3ACF3 /* DataTransmission.m */,
			);
			name = DataSrc;
			sourceTree = "<group>";
		};
		EE2D56241696B867007D5E52 /* images */ = {
			isa = PBXGroup;
			children = (
				EEA60616169AC6460016D2E5 /* search.png */,
				EE1AF74A1697EBC80043243D /* setting_images */,
				EE1AF7491697EBB20043243D /* mapview_images */,
				EE1AF7481697EB880043243D /* login_images */,
			);
			name = images;
			sourceTree = "<group>";
		};
		EEA25FD8169C091900C3ACF3 /* OpenSource */ = {
			isa = PBXGroup;
			children = (
				EEA25FE1169C1A8400C3ACF3 /* AsyncUdpSocket.h */,
				EEA25FE2169C1A8400C3ACF3 /* AsyncUdpSocket.m */,
				EEA25FD9169C093400C3ACF3 /* AsyncSocket.h */,
				EEA25FDA169C093400C3ACF3 /* AsyncSocket.m */,
			);
			name = OpenSource;
			sourceTree = "<group>";
		};
		EEA8B92C16AF747B0036CE63 /* publicMethods */ = {
			isa = PBXGroup;
			children = (
				EEA8B92E16AF74B00036CE63 /* TSCommon.h */,
				EEA8B92F16AF74B00036CE63 /* TSCommon.m */,
				EEA8B94916AFEA540036CE63 /* DefineContent.h */,
			);
			name = publicMethods;
			sourceTree = "<group>";
		};
		EEA8B93116AF75CE0036CE63 /* socketPaket */ = {
			isa = PBXGroup;
			children = (
				EEA8B93216AF76280036CE63 /* TSSocketPacket.h */,
				EEA8B93316AF76280036CE63 /* TSSocketPacket.m */,
			);
			name = socketPaket;
			sourceTree = "<group>";
		};
/* End PBXGroup section */

/* Begin PBXNativeTarget section */
		EE2D55EB169688BF007D5E52 /* TransitSystem */ = {
			isa = PBXNativeTarget;
			buildConfigurationList = EE2D560A169688C0007D5E52 /* Build configuration list for PBXNativeTarget "TransitSystem" */;
			buildPhases = (
				EE2D55E8169688BF007D5E52 /* Sources */,
				EE2D55E9169688BF007D5E52 /* Frameworks */,
				EE2D55EA169688BF007D5E52 /* Resources */,
			);
			buildRules = (
			);
			dependencies = (
			);
			name = TransitSystem;
			productName = TransitSystem;
			productReference = EE2D55EC169688BF007D5E52 /* TransitSystem.app */;
			productType = "com.apple.product-type.application";
		};
/* End PBXNativeTarget section */

/* Begin PBXProject section */
		EE2D55E3169688BF007D5E52 /* Project object */ = {
			isa = PBXProject;
			attributes = {
				LastUpgradeCheck = 0450;
				ORGANIZATIONNAME = "li haijin";
			};
			buildConfigurationList = EE2D55E6169688BF007D5E52 /* Build configuration list for PBXProject "TransitSystem" */;
			compatibilityVersion = "Xcode 3.2";
			developmentRegion = English;
			hasScannedForEncodings = 0;
			knownRegions = (
				en,
			);
			mainGroup = EE2D55E1169688BF007D5E52;
			productRefGroup = EE2D55ED169688BF007D5E52 /* Products */;
			projectDirPath = "";
			projectRoot = "";
			targets = (
				EE2D55EB169688BF007D5E52 /* TransitSystem */,
			);
		};
/* End PBXProject section */

/* Begin PBXResourcesBuildPhase section */
		EE2D55EA169688BF007D5E52 /* Resources */ = {
			isa = PBXResourcesBuildPhase;
			buildActionMask = 2147483647;
			files = (
				EE2D55FB169688BF007D5E52 /* InfoPlist.strings in Resources */,
				EE2D5603169688C0007D5E52 /* Default.png in Resources */,
				EE2D5605169688C0007D5E52 /* Default@2x.png in Resources */,
				EE2D5607169688C0007D5E52 /* Default-568h@2x.png in Resources */,
				EE1AF7521697EC1E0043243D /* appBackGroundImage.jpeg in Resources */,
				EE1AF7531697EC1E0043243D /* back_image.png in Resources */,
				EE1AF7541697EC1E0043243D /* input_background.png in Resources */,
				EE1AF7551697EC1E0043243D /* login_normal.png in Resources */,
				EE1AF7561697EC1E0043243D /* login_press.png in Resources */,
				EE1AF7571697EC1E0043243D /* register_background_normal.png in Resources */,
				EE1AF7581697EC1E0043243D /* register_background_press.png in Resources */,
				EE1AF75E1697FFCF0043243D /* menu_up.png in Resources */,
				EE11431A169AA6AE002B75AA /* setting.png in Resources */,
				EEA60617169AC6460016D2E5 /* search.png in Resources */,
				EEA6061A169AC9480016D2E5 /* menu_down.png in Resources */,
				EEA25FCA169BBAC800C3ACF3 /* taxi.png in Resources */,
				EEA25FE6169C30A700C3ACF3 /* app_icon.png in Resources */,
			);
			runOnlyForDeploymentPostprocessing = 0;
		};
/* End PBXResourcesBuildPhase section */

/* Begin PBXSourcesBuildPhase section */
		EE2D55E8169688BF007D5E52 /* Sources */ = {
			isa = PBXSourcesBuildPhase;
			buildActionMask = 2147483647;
			files = (
				EE2D55FD169688BF007D5E52 /* main.m in Sources */,
				EE2D5601169688BF007D5E52 /* AppDelegate.m in Sources */,
				EE2D5611169689A7007D5E52 /* PassengerInfo.m in Sources */,
				EE2D5614169689C8007D5E52 /* CityInfo.m in Sources */,
				EE2D561716968A26007D5E52 /* Transportation.m in Sources */,
				EE2D561A16968A8B007D5E52 /* RouteInfo.m in Sources */,
				EE2D561D1696ADF2007D5E52 /* Login.m in Sources */,
				EE2D56201696AE1F007D5E52 /* MapViewController.m in Sources */,
				EE2D56231696AE4B007D5E52 /* SettingViewController.m in Sources */,
				EE1AF75C1697EFAF0043243D /* TSNavigationController.m in Sources */,
				EE114313169A6F13002B75AA /* TSCommonAnimations.m in Sources */,
				EE114318169A7C2F002B75AA /* TSMapViewMenu.m in Sources */,
				EEA25FC7169BADA800C3ACF3 /* MapPoint.m in Sources */,
				EEA25FCD169BBD8C00C3ACF3 /* TSAnnotationView.m in Sources */,
				EEA25FD0169BC57500C3ACF3 /* TSTransportationView.m in Sources */,
				EEA25FD4169BC74B00C3ACF3 /* DriverInfo.m in Sources */,
				EEA25FD7169BFDB500C3ACF3 /* IntegrityView.m in Sources */,
				EEA25FDB169C093400C3ACF3 /* AsyncSocket.m in Sources */,
				EEA25FE0169C116D00C3ACF3 /* DataTransmission.m in Sources */,
				EEA25FE3169C1A8400C3ACF3 /* AsyncUdpSocket.m in Sources */,
				EEA8B93016AF74B00036CE63 /* TSCommon.m in Sources */,
				EEA8B93416AF76280036CE63 /* TSSocketPacket.m in Sources */,
				EEB1945816B0DDE100EEC892 /* TSToast.m in Sources */,
			);
			runOnlyForDeploymentPostprocessing = 0;
		};
/* End PBXSourcesBuildPhase section */

/* Begin PBXVariantGroup section */
		EE2D55F9169688BF007D5E52 /* InfoPlist.strings */ = {
			isa = PBXVariantGroup;
			children = (
				EE2D55FA169688BF007D5E52 /* en */,
			);
			name = InfoPlist.strings;
			sourceTree = "<group>";
		};
/* End PBXVariantGroup section */

/* Begin XCBuildConfiguration section */
		EE2D5608169688C0007D5E52 /* Debug */ = {
			isa = XCBuildConfiguration;
			buildSettings = {
				ALWAYS_SEARCH_USER_PATHS = NO;
				CLANG_CXX_LANGUAGE_STANDARD = "gnu++0x";
				CLANG_CXX_LIBRARY = "libc++";
				CLANG_ENABLE_OBJC_ARC = YES;
				CLANG_WARN_EMPTY_BODY = YES;
				CLANG_WARN__DUPLICATE_METHOD_MATCH = YES;
				"CODE_SIGN_IDENTITY[sdk=iphoneos*]" = "iPhone Developer";
				COPY_PHASE_STRIP = NO;
				GCC_C_LANGUAGE_STANDARD = gnu99;
				GCC_DYNAMIC_NO_PIC = NO;
				GCC_OPTIMIZATION_LEVEL = 0;
				GCC_PREPROCESSOR_DEFINITIONS = (
					"DEBUG=1",
					"$(inherited)",
				);
				GCC_SYMBOLS_PRIVATE_EXTERN = NO;
				GCC_WARN_ABOUT_RETURN_TYPE = YES;
				GCC_WARN_UNINITIALIZED_AUTOS = YES;
				GCC_WARN_UNUSED_VARIABLE = YES;
				IPHONEOS_DEPLOYMENT_TARGET = 6.0;
				SDKROOT = iphoneos;
			};
			name = Debug;
		};
		EE2D5609169688C0007D5E52 /* Release */ = {
			isa = XCBuildConfiguration;
			buildSettings = {
				ALWAYS_SEARCH_USER_PATHS = NO;
				CLANG_CXX_LANGUAGE_STANDARD = "gnu++0x";
				CLANG_CXX_LIBRARY = "libc++";
				CLANG_ENABLE_OBJC_ARC = YES;
				CLANG_WARN_EMPTY_BODY = YES;
				CLANG_WARN__DUPLICATE_METHOD_MATCH = YES;
				"CODE_SIGN_IDENTITY[sdk=iphoneos*]" = "iPhone Developer";
				COPY_PHASE_STRIP = YES;
				GCC_C_LANGUAGE_STANDARD = gnu99;
				GCC_WARN_ABOUT_RETURN_TYPE = YES;
				GCC_WARN_UNINITIALIZED_AUTOS = YES;
				GCC_WARN_UNUSED_VARIABLE = YES;
				IPHONEOS_DEPLOYMENT_TARGET = 6.0;
				OTHER_CFLAGS = "-DNS_BLOCK_ASSERTIONS=1";
				SDKROOT = iphoneos;
				VALIDATE_PRODUCT = YES;
			};
			name = Release;
		};
		EE2D560B169688C0007D5E52 /* Debug */ = {
			isa = XCBuildConfiguration;
			buildSettings = {
				CLANG_ENABLE_OBJC_ARC = NO;
				GCC_PRECOMPILE_PREFIX_HEADER = YES;
				GCC_PREFIX_HEADER = "TransitSystem/TransitSystem-Prefix.pch";
				INFOPLIST_FILE = "TransitSystem/TransitSystem-Info.plist";
				PRODUCT_NAME = "$(TARGET_NAME)";
				WRAPPER_EXTENSION = app;
			};
			name = Debug;
		};
		EE2D560C169688C0007D5E52 /* Release */ = {
			isa = XCBuildConfiguration;
			buildSettings = {
				CLANG_ENABLE_OBJC_ARC = NO;
				GCC_PRECOMPILE_PREFIX_HEADER = YES;
				GCC_PREFIX_HEADER = "TransitSystem/TransitSystem-Prefix.pch";
				INFOPLIST_FILE = "TransitSystem/TransitSystem-Info.plist";
				PRODUCT_NAME = "$(TARGET_NAME)";
				WRAPPER_EXTENSION = app;
			};
			name = Release;
		};
/* End XCBuildConfiguration section */

/* Begin XCConfigurationList section */
		EE2D55E6169688BF007D5E52 /* Build configuration list for PBXProject "TransitSystem" */ = {
			isa = XCConfigurationList;
			buildConfigurations = (
				EE2D5608169688C0007D5E52 /* Debug */,
				EE2D5609169688C0007D5E52 /* Release */,
			);
			defaultConfigurationIsVisible = 0;
			defaultConfigurationName = Release;
		};
		EE2D560A169688C0007D5E52 /* Build configuration list for PBXNativeTarget "TransitSystem" */ = {
			isa = XCConfigurationList;
			buildConfigurations = (
				EE2D560B169688C0007D5E52 /* Debug */,
				EE2D560C169688C0007D5E52 /* Release */,
			);
			defaultConfigurationIsVisible = 0;
			defaultConfigurationName = Release;
		};
/* End XCConfigurationList section */
	};
	rootObject = EE2D55E3169688BF007D5E52 /* Project object */;
}
